// !$*UTF8*$!
{
	archiveVersion = 1;
	classes = {
	};
	objectVersion = 60;
	objects = {

/* Begin PBXBuildFile section */
		CE5AC5ED2C0D78A4007E9B19 /* ViewModel.swift in Sources */ = {isa = PBXBuildFile; fileRef = CE5AC5EC2C0D78A4007E9B19 /* ViewModel.swift */; };
		CE5AC5F02C0D80EB007E9B19 /* RealityKitContent in Frameworks */ = {isa = PBXBuildFile; productRef = CE5AC5EF2C0D80EB007E9B19 /* RealityKitContent */; };
		CEA723DB2C087AE8002821B7 /* RealityKitContent in Frameworks */ = {isa = PBXBuildFile; productRef = CEA723DA2C087AE8002821B7 /* RealityKitContent */; };
		CEA723DD2C087AE8002821B7 /* PokerApp.swift in Sources */ = {isa = PBXBuildFile; fileRef = CEA723DC2C087AE8002821B7 /* PokerApp.swift */; };
		CEA723DF2C087AE8002821B7 /* ContentView.swift in Sources */ = {isa = PBXBuildFile; fileRef = CEA723DE2C087AE8002821B7 /* ContentView.swift */; };
		CEA723E12C087AE8002821B7 /* ImmersiveView.swift in Sources */ = {isa = PBXBuildFile; fileRef = CEA723E02C087AE8002821B7 /* ImmersiveView.swift */; };
		CEA723E32C087AE8002821B7 /* ImageBasedLighting.skybox in Resources */ = {isa = PBXBuildFile; fileRef = CEA723E22C087AE8002821B7 /* ImageBasedLighting.skybox */; };
		CEA723E52C087AE9002821B7 /* Assets.xcassets in Resources */ = {isa = PBXBuildFile; fileRef = CEA723E42C087AE9002821B7 /* Assets.xcassets */; };
		CEA723E82C087AE9002821B7 /* Preview Assets.xcassets in Resources */ = {isa = PBXBuildFile; fileRef = CEA723E72C087AE9002821B7 /* Preview Assets.xcassets */; };
		CEA723F32C087AE9002821B7 /* PokerTests.swift in Sources */ = {isa = PBXBuildFile; fileRef = CEA723F22C087AE9002821B7 /* PokerTests.swift */; };
		CEA724012C08C35F002821B7 /* pokertable.usdz in Resources */ = {isa = PBXBuildFile; fileRef = CEA724002C08C35F002821B7 /* pokertable.usdz */; };
		CEA724022C08C35F002821B7 /* pokertable.usdz in Resources */ = {isa = PBXBuildFile; fileRef = CEA724002C08C35F002821B7 /* pokertable.usdz */; };
/* End PBXBuildFile section */

/* Begin PBXContainerItemProxy section */
		CEA723EF2C087AE9002821B7 /* PBXContainerItemProxy */ = {
			isa = PBXContainerItemProxy;
			containerPortal = CEA723CD2C087AE8002821B7 /* Project object */;
			proxyType = 1;
			remoteGlobalIDString = CEA723D42C087AE8002821B7;
			remoteInfo = Poker;
		};
/* End PBXContainerItemProxy section */

/* Begin PBXFileReference section */
		CE5AC5EC2C0D78A4007E9B19 /* ViewModel.swift */ = {isa = PBXFileReference; lastKnownFileType = sourcecode.swift; path = ViewModel.swift; sourceTree = "<group>"; };
		CEA723D52C087AE8002821B7 /* Poker.app */ = {isa = PBXFileReference; explicitFileType = wrapper.application; includeInIndex = 0; path = Poker.app; sourceTree = BUILT_PRODUCTS_DIR; };
		CEA723DC2C087AE8002821B7 /* PokerApp.swift */ = {isa = PBXFileReference; lastKnownFileType = sourcecode.swift; path = PokerApp.swift; sourceTree = "<group>"; };
		CEA723DE2C087AE8002821B7 /* ContentView.swift */ = {isa = PBXFileReference; lastKnownFileType = sourcecode.swift; path = ContentView.swift; sourceTree = "<group>"; };
		CEA723E02C087AE8002821B7 /* ImmersiveView.swift */ = {isa = PBXFileReference; lastKnownFileType = sourcecode.swift; path = ImmersiveView.swift; sourceTree = "<group>"; };
		CEA723E22C087AE8002821B7 /* ImageBasedLighting.skybox */ = {isa = PBXFileReference; lastKnownFileType = file.skybox; path = ImageBasedLighting.skybox; sourceTree = "<group>"; };
		CEA723E42C087AE9002821B7 /* Assets.xcassets */ = {isa = PBXFileReference; lastKnownFileType = folder.assetcatalog; path = Assets.xcassets; sourceTree = "<group>"; };
		CEA723E72C087AE9002821B7 /* Preview Assets.xcassets */ = {isa = PBXFileReference; lastKnownFileType = folder.assetcatalog; path = "Preview Assets.xcassets"; sourceTree = "<group>"; };
		CEA723E92C087AE9002821B7 /* Info.plist */ = {isa = PBXFileReference; lastKnownFileType = text.plist.xml; path = Info.plist; sourceTree = "<group>"; };
		CEA723EE2C087AE9002821B7 /* PokerTests.xctest */ = {isa = PBXFileReference; explicitFileType = wrapper.cfbundle; includeInIndex = 0; path = PokerTests.xctest; sourceTree = BUILT_PRODUCTS_DIR; };
		CEA723F22C087AE9002821B7 /* PokerTests.swift */ = {isa = PBXFileReference; lastKnownFileType = sourcecode.swift; path = PokerTests.swift; sourceTree = "<group>"; };
		CEA724002C08C35F002821B7 /* pokertable.usdz */ = {isa = PBXFileReference; lastKnownFileType = file.usdz; name = pokertable.usdz; path = ../../../Downloads/pokertable.usdz; sourceTree = "<group>"; };
/* End PBXFileReference section */

/* Begin PBXFrameworksBuildPhase section */
		CEA723D22C087AE8002821B7 /* Frameworks */ = {
			isa = PBXFrameworksBuildPhase;
			buildActionMask = 2147483647;
			files = (
				CE5AC5F02C0D80EB007E9B19 /* RealityKitContent in Frameworks */,
				CEA723DB2C087AE8002821B7 /* RealityKitContent in Frameworks */,
			);
			runOnlyForDeploymentPostprocessing = 0;
		};
		CEA723EB2C087AE9002821B7 /* Frameworks */ = {
			isa = PBXFrameworksBuildPhase;
			buildActionMask = 2147483647;
			files = (
			);
			runOnlyForDeploymentPostprocessing = 0;
		};
/* End PBXFrameworksBuildPhase section */

/* Begin PBXGroup section */
		CEA723CC2C087AE8002821B7 = {
			isa = PBXGroup;
			children = (
				CEA723D72C087AE8002821B7 /* Poker */,
				CEA723F12C087AE9002821B7 /* PokerTests */,
				CEA723D62C087AE8002821B7 /* Products */,
			);
			sourceTree = "<group>";
		};
		CEA723D62C087AE8002821B7 /* Products */ = {
			isa = PBXGroup;
			children = (
				CEA723D52C087AE8002821B7 /* Poker.app */,
				CEA723EE2C087AE9002821B7 /* PokerTests.xctest */,
			);
			name = Products;
			sourceTree = "<group>";
		};
		CEA723D72C087AE8002821B7 /* Poker */ = {
			isa = PBXGroup;
			children = (
				CE5AC5EC2C0D78A4007E9B19 /* ViewModel.swift */,
				CEA723DC2C087AE8002821B7 /* PokerApp.swift */,
				CEA723DE2C087AE8002821B7 /* ContentView.swift */,
				CEA723E02C087AE8002821B7 /* ImmersiveView.swift */,
				CEA723E22C087AE8002821B7 /* ImageBasedLighting.skybox */,
				CEA723E42C087AE9002821B7 /* Assets.xcassets */,
				CEA724002C08C35F002821B7 /* pokertable.usdz */,
				CEA723E92C087AE9002821B7 /* Info.plist */,
				CEA723E62C087AE9002821B7 /* Preview Content */,
			);
			path = Poker;
			sourceTree = "<group>";
		};
		CEA723E62C087AE9002821B7 /* Preview Content */ = {
			isa = PBXGroup;
			children = (
				CEA723E72C087AE9002821B7 /* Preview Assets.xcassets */,
			);
			path = "Preview Content";
			sourceTree = "<group>";
		};
		CEA723F12C087AE9002821B7 /* PokerTests */ = {
			isa = PBXGroup;
			children = (
				CEA723F22C087AE9002821B7 /* PokerTests.swift */,
			);
			path = PokerTests;
			sourceTree = "<group>";
		};
/* End PBXGroup section */

/* Begin PBXNativeTarget section */
		CEA723D42C087AE8002821B7 /* Poker */ = {
			isa = PBXNativeTarget;
			buildConfigurationList = CEA723F62C087AE9002821B7 /* Build configuration list for PBXNativeTarget "Poker" */;
			buildPhases = (
				CEA723D12C087AE8002821B7 /* Sources */,
				CEA723D22C087AE8002821B7 /* Frameworks */,
				CEA723D32C087AE8002821B7 /* Resources */,
			);
			buildRules = (
			);
			dependencies = (
			);
			name = Poker;
			packageProductDependencies = (
				CEA723DA2C087AE8002821B7 /* RealityKitContent */,
				CE5AC5EF2C0D80EB007E9B19 /* RealityKitContent */,
			);
			productName = Poker;
			productReference = CEA723D52C087AE8002821B7 /* Poker.app */;
			productType = "com.apple.product-type.application";
		};
		CEA723ED2C087AE9002821B7 /* PokerTests */ = {
			isa = PBXNativeTarget;
			buildConfigurationList = CEA723F92C087AE9002821B7 /* Build configuration list for PBXNativeTarget "PokerTests" */;
			buildPhases = (
				CEA723EA2C087AE9002821B7 /* Sources */,
				CEA723EB2C087AE9002821B7 /* Frameworks */,
				CEA723EC2C087AE9002821B7 /* Resources */,
			);
			buildRules = (
			);
			dependencies = (
				CEA723F02C087AE9002821B7 /* PBXTargetDependency */,
			);
			name = PokerTests;
			productName = PokerTests;
			productReference = CEA723EE2C087AE9002821B7 /* PokerTests.xctest */;
			productType = "com.apple.product-type.bundle.unit-test";
		};
/* End PBXNativeTarget section */

/* Begin PBXProject section */
		CEA723CD2C087AE8002821B7 /* Project object */ = {
			isa = PBXProject;
			attributes = {
				BuildIndependentTargetsInParallel = 1;
				LastSwiftUpdateCheck = 1540;
				LastUpgradeCheck = 1540;
				TargetAttributes = {
					CEA723D42C087AE8002821B7 = {
						CreatedOnToolsVersion = 15.4;
					};
					CEA723ED2C087AE9002821B7 = {
						CreatedOnToolsVersion = 15.4;
						TestTargetID = CEA723D42C087AE8002821B7;
					};
				};
			};
			buildConfigurationList = CEA723D02C087AE8002821B7 /* Build configuration list for PBXProject "Poker" */;
			compatibilityVersion = "Xcode 14.0";
			developmentRegion = en;
			hasScannedForEncodings = 0;
			knownRegions = (
				en,
				Base,
			);
			mainGroup = CEA723CC2C087AE8002821B7;
			packageReferences = (
				CE5AC5EE2C0D80EB007E9B19 /* XCLocalSwiftPackageReference "../../Downloads/GenerativeDoodleArt_VisionOS-main/Packages/RealityKitContent" */,
			);
			productRefGroup = CEA723D62C087AE8002821B7 /* Products */;
			projectDirPath = "";
			projectRoot = "";
			targets = (
				CEA723D42C087AE8002821B7 /* Poker */,
				CEA723ED2C087AE9002821B7 /* PokerTests */,
			);
		};
/* End PBXProject section */

/* Begin PBXResourcesBuildPhase section */
		CEA723D32C087AE8002821B7 /* Resources */ = {
			isa = PBXResourcesBuildPhase;
			buildActionMask = 2147483647;
			files = (
				CEA724012C08C35F002821B7 /* pokertable.usdz in Resources */,
				CEA723E52C087AE9002821B7 /* Assets.xcassets in Resources */,
				CEA723E82C087AE9002821B7 /* Preview Assets.xcassets in Resources */,
				CEA723E32C087AE8002821B7 /* ImageBasedLighting.skybox in Resources */,
			);
			runOnlyForDeploymentPostprocessing = 0;
		};
		CEA723EC2C087AE9002821B7 /* Resources */ = {
			isa = PBXResourcesBuildPhase;
			buildActionMask = 2147483647;
			files = (
				CEA724022C08C35F002821B7 /* pokertable.usdz in Resources */,
			);
			runOnlyForDeploymentPostprocessing = 0;
		};
/* End PBXResourcesBuildPhase section */

/* Begin PBXSourcesBuildPhase section */
		CEA723D12C087AE8002821B7 /* Sources */ = {
			isa = PBXSourcesBuildPhase;
			buildActionMask = 2147483647;
			files = (
				CEA723DF2C087AE8002821B7 /* ContentView.swift in Sources */,
				CEA723DD2C087AE8002821B7 /* PokerApp.swift in Sources */,
				CE5AC5ED2C0D78A4007E9B19 /* ViewModel.swift in Sources */,
				CEA723E12C087AE8002821B7 /* ImmersiveView.swift in Sources */,
			);
			runOnlyForDeploymentPostprocessing = 0;
		};
		CEA723EA2C087AE9002821B7 /* Sources */ = {
			isa = PBXSourcesBuildPhase;
			buildActionMask = 2147483647;
			files = (
				CEA723F32C087AE9002821B7 /* PokerTests.swift in Sources */,
			);
			runOnlyForDeploymentPostprocessing = 0;
		};
/* End PBXSourcesBuildPhase section */

/* Begin PBXTargetDependency section */
		CEA723F02C087AE9002821B7 /* PBXTargetDependency */ = {
			isa = PBXTargetDependency;
			target = CEA723D42C087AE8002821B7 /* Poker */;
			targetProxy = CEA723EF2C087AE9002821B7 /* PBXContainerItemProxy */;
		};
/* End PBXTargetDependency section */

/* Begin XCBuildConfiguration section */
		CEA723F42C087AE9002821B7 /* Debug */ = {
			isa = XCBuildConfiguration;
			buildSettings = {
				ALWAYS_SEARCH_USER_PATHS = NO;
				ASSETCATALOG_COMPILER_GENERATE_SWIFT_ASSET_SYMBOL_EXTENSIONS = YES;
				CLANG_ANALYZER_NONNULL = YES;
				CLANG_ANALYZER_NUMBER_OBJECT_CONVERSION = YES_AGGRESSIVE;
				CLANG_CXX_LANGUAGE_STANDARD = "gnu++20";
				CLANG_ENABLE_MODULES = YES;
				CLANG_ENABLE_OBJC_ARC = YES;
				CLANG_ENABLE_OBJC_WEAK = YES;
				CLANG_WARN_BLOCK_CAPTURE_AUTORELEASING = YES;
				CLANG_WARN_BOOL_CONVERSION = YES;
				CLANG_WARN_COMMA = YES;
				CLANG_WARN_CONSTANT_CONVERSION = YES;
				CLANG_WARN_DEPRECATED_OBJC_IMPLEMENTATIONS = YES;
				CLANG_WARN_DIRECT_OBJC_ISA_USAGE = YES_ERROR;
				CLANG_WARN_DOCUMENTATION_COMMENTS = YES;
				CLANG_WARN_EMPTY_BODY = YES;
				CLANG_WARN_ENUM_CONVERSION = YES;
				CLANG_WARN_INFINITE_RECURSION = YES;
				CLANG_WARN_INT_CONVERSION = YES;
				CLANG_WARN_NON_LITERAL_NULL_CONVERSION = YES;
				CLANG_WARN_OBJC_IMPLICIT_RETAIN_SELF = YES;
				CLANG_WARN_OBJC_LITERAL_CONVERSION = YES;
				CLANG_WARN_OBJC_ROOT_CLASS = YES_ERROR;
				CLANG_WARN_QUOTED_INCLUDE_IN_FRAMEWORK_HEADER = YES;
				CLANG_WARN_RANGE_LOOP_ANALYSIS = YES;
				CLANG_WARN_STRICT_PROTOTYPES = YES;
				CLANG_WARN_SUSPICIOUS_MOVE = YES;
				CLANG_WARN_UNGUARDED_AVAILABILITY = YES_AGGRESSIVE;
				CLANG_WARN_UNREACHABLE_CODE = YES;
				CLANG_WARN__DUPLICATE_METHOD_MATCH = YES;
				COPY_PHASE_STRIP = NO;
				DEBUG_INFORMATION_FORMAT = dwarf;
				ENABLE_STRICT_OBJC_MSGSEND = YES;
				ENABLE_TESTABILITY = YES;
				ENABLE_USER_SCRIPT_SANDBOXING = YES;
				GCC_C_LANGUAGE_STANDARD = gnu17;
				GCC_DYNAMIC_NO_PIC = NO;
				GCC_NO_COMMON_BLOCKS = YES;
				GCC_OPTIMIZATION_LEVEL = 0;
				GCC_PREPROCESSOR_DEFINITIONS = (
					"DEBUG=1",
					"$(inherited)",
				);
				GCC_WARN_64_TO_32_BIT_CONVERSION = YES;
				GCC_WARN_ABOUT_RETURN_TYPE = YES_ERROR;
				GCC_WARN_UNDECLARED_SELECTOR = YES;
				GCC_WARN_UNINITIALIZED_AUTOS = YES_AGGRESSIVE;
				GCC_WARN_UNUSED_FUNCTION = YES;
				GCC_WARN_UNUSED_VARIABLE = YES;
				LOCALIZATION_PREFERS_STRING_CATALOGS = YES;
				MTL_ENABLE_DEBUG_INFO = INCLUDE_SOURCE;
				MTL_FAST_MATH = YES;
				NEW_SETTING = "";
				NEW_SETTING1 = "";
				ONLY_ACTIVE_ARCH = YES;
				SDKROOT = xros;
				SWIFT_ACTIVE_COMPILATION_CONDITIONS = "DEBUG $(inherited)";
				SWIFT_OPTIMIZATION_LEVEL = "-Onone";
				XROS_DEPLOYMENT_TARGET = 1.2;
			};
			name = Debug;
		};
		CEA723F52C087AE9002821B7 /* Release */ = {
			isa = XCBuildConfiguration;
			buildSettings = {
				ALWAYS_SEARCH_USER_PATHS = NO;
				ASSETCATALOG_COMPILER_GENERATE_SWIFT_ASSET_SYMBOL_EXTENSIONS = YES;
				CLANG_ANALYZER_NONNULL = YES;
				CLANG_ANALYZER_NUMBER_OBJECT_CONVERSION = YES_AGGRESSIVE;
				CLANG_CXX_LANGUAGE_STANDARD = "gnu++20";
				CLANG_ENABLE_MODULES = YES;
				CLANG_ENABLE_OBJC_ARC = YES;
				CLANG_ENABLE_OBJC_WEAK = YES;
				CLANG_WARN_BLOCK_CAPTURE_AUTORELEASING = YES;
				CLANG_WARN_BOOL_CONVERSION = YES;
				CLANG_WARN_COMMA = YES;
				CLANG_WARN_CONSTANT_CONVERSION = YES;
				CLANG_WARN_DEPRECATED_OBJC_IMPLEMENTATIONS = YES;
				CLANG_WARN_DIRECT_OBJC_ISA_USAGE = YES_ERROR;
				CLANG_WARN_DOCUMENTATION_COMMENTS = YES;
				CLANG_WARN_EMPTY_BODY = YES;
				CLANG_WARN_ENUM_CONVERSION = YES;
				CLANG_WARN_INFINITE_RECURSION = YES;
				CLANG_WARN_INT_CONVERSION = YES;
				CLANG_WARN_NON_LITERAL_NULL_CONVERSION = YES;
				CLANG_WARN_OBJC_IMPLICIT_RETAIN_SELF = YES;
				CLANG_WARN_OBJC_LITERAL_CONVERSION = YES;
				CLANG_WARN_OBJC_ROOT_CLASS = YES_ERROR;
				CLANG_WARN_QUOTED_INCLUDE_IN_FRAMEWORK_HEADER = YES;
				CLANG_WARN_RANGE_LOOP_ANALYSIS = YES;
				CLANG_WARN_STRICT_PROTOTYPES = YES;
				CLANG_WARN_SUSPICIOUS_MOVE = YES;
				CLANG_WARN_UNGUARDED_AVAILABILITY = YES_AGGRESSIVE;
				CLANG_WARN_UNREACHABLE_CODE = YES;
				CLANG_WARN__DUPLICATE_METHOD_MATCH = YES;
				COPY_PHASE_STRIP = NO;
				DEBUG_INFORMATION_FORMAT = "dwarf-with-dsym";
				ENABLE_NS_ASSERTIONS = NO;
				ENABLE_STRICT_OBJC_MSGSEND = YES;
				ENABLE_USER_SCRIPT_SANDBOXING = YES;
				GCC_C_LANGUAGE_STANDARD = gnu17;
				GCC_NO_COMMON_BLOCKS = YES;
				GCC_WARN_64_TO_32_BIT_CONVERSION = YES;
				GCC_WARN_ABOUT_RETURN_TYPE = YES_ERROR;
				GCC_WARN_UNDECLARED_SELECTOR = YES;
				GCC_WARN_UNINITIALIZED_AUTOS = YES_AGGRESSIVE;
				GCC_WARN_UNUSED_FUNCTION = YES;
				GCC_WARN_UNUSED_VARIABLE = YES;
				LOCALIZATION_PREFERS_STRING_CATALOGS = YES;
				MTL_ENABLE_DEBUG_INFO = NO;
				MTL_FAST_MATH = YES;
				NEW_SETTING = "";
				NEW_SETTING1 = "";
				SDKROOT = xros;
				SWIFT_COMPILATION_MODE = wholemodule;
				VALIDATE_PRODUCT = YES;
				XROS_DEPLOYMENT_TARGET = 1.2;
			};
			name = Release;
		};
		CEA723F72C087AE9002821B7 /* Debug */ = {
			isa = XCBuildConfiguration;
			buildSettings = {
				ASSETCATALOG_COMPILER_APPICON_NAME = AppIcon;
				ASSETCATALOG_COMPILER_GLOBAL_ACCENT_COLOR_NAME = AccentColor;
				CODE_SIGN_STYLE = Automatic;
				CURRENT_PROJECT_VERSION = 1;
				DEVELOPMENT_ASSET_PATHS = "\"Poker/Preview Content\"";
				DEVELOPMENT_TEAM = L9RF6ZWZN7;
				ENABLE_PREVIEWS = YES;
				GENERATE_INFOPLIST_FILE = YES;
				INFOPLIST_FILE = "$(TARGET_NAME)/Info.plist";
				LD_RUNPATH_SEARCH_PATHS = (
					"$(inherited)",
					"@executable_path/Frameworks",
				);
				MARKETING_VERSION = 1.0;
				PRODUCT_BUNDLE_IDENTIFIER = com.poker.Poker;
				PRODUCT_NAME = "$(TARGET_NAME)";
				SUPPORTED_PLATFORMS = "xros xrsimulator";
				SWIFT_EMIT_LOC_STRINGS = YES;
				SWIFT_VERSION = 5.0;
				TARGETED_DEVICE_FAMILY = "1,2,7";
			};
			name = Debug;
		};
		CEA723F82C087AE9002821B7 /* Release */ = {
			isa = XCBuildConfiguration;
			buildSettings = {
				ASSETCATALOG_COMPILER_APPICON_NAME = AppIcon;
				ASSETCATALOG_COMPILER_GLOBAL_ACCENT_COLOR_NAME = AccentColor;
				CODE_SIGN_STYLE = Automatic;
				CURRENT_PROJECT_VERSION = 1;
				DEVELOPMENT_ASSET_PATHS = "\"Poker/Preview Content\"";
				DEVELOPMENT_TEAM = L9RF6ZWZN7;
				ENABLE_PREVIEWS = YES;
				GENERATE_INFOPLIST_FILE = YES;
				INFOPLIST_FILE = "$(TARGET_NAME)/Info.plist";
				LD_RUNPATH_SEARCH_PATHS = (
					"$(inherited)",
					"@executable_path/Frameworks",
				);
				MARKETING_VERSION = 1.0;
				PRODUCT_BUNDLE_IDENTIFIER = com.poker.Poker;
				PRODUCT_NAME = "$(TARGET_NAME)";
				SUPPORTED_PLATFORMS = "xros xrsimulator";
				SWIFT_EMIT_LOC_STRINGS = YES;
				SWIFT_VERSION = 5.0;
				TARGETED_DEVICE_FAMILY = "1,2,7";
			};
			name = Release;
		};
		CEA723FA2C087AE9002821B7 /* Debug */ = {
			isa = XCBuildConfiguration;
			buildSettings = {
				ALWAYS_EMBED_SWIFT_STANDARD_LIBRARIES = YES;
				BUNDLE_LOADER = "$(TEST_HOST)";
				CODE_SIGN_STYLE = Automatic;
				CURRENT_PROJECT_VERSION = 1;
				DEVELOPMENT_TEAM = L9RF6ZWZN7;
				GENERATE_INFOPLIST_FILE = YES;
				MARKETING_VERSION = 1.0;
				PRODUCT_BUNDLE_IDENTIFIER = com.poker.PokerTests;
				PRODUCT_NAME = "$(TARGET_NAME)";
				SUPPORTED_PLATFORMS = "xros xrsimulator";
				SWIFT_EMIT_LOC_STRINGS = NO;
				SWIFT_VERSION = 5.0;
				TARGETED_DEVICE_FAMILY = "1,2,7";
				TEST_HOST = "$(BUILT_PRODUCTS_DIR)/Poker.app/$(BUNDLE_EXECUTABLE_FOLDER_PATH)/Poker";
				XROS_DEPLOYMENT_TARGET = 1.2;
			};
			name = Debug;
		};
		CEA723FB2C087AE9002821B7 /* Release */ = {
			isa = XCBuildConfiguration;
			buildSettings = {
				ALWAYS_EMBED_SWIFT_STANDARD_LIBRARIES = YES;
				BUNDLE_LOADER = "$(TEST_HOST)";
				CODE_SIGN_STYLE = Automatic;
				CURRENT_PROJECT_VERSION = 1;
				DEVELOPMENT_TEAM = L9RF6ZWZN7;
				GENERATE_INFOPLIST_FILE = YES;
				MARKETING_VERSION = 1.0;
				PRODUCT_BUNDLE_IDENTIFIER = com.poker.PokerTests;
				PRODUCT_NAME = "$(TARGET_NAME)";
				SUPPORTED_PLATFORMS = "xros xrsimulator";
				SWIFT_EMIT_LOC_STRINGS = NO;
				SWIFT_VERSION = 5.0;
				TARGETED_DEVICE_FAMILY = "1,2,7";
				TEST_HOST = "$(BUILT_PRODUCTS_DIR)/Poker.app/$(BUNDLE_EXECUTABLE_FOLDER_PATH)/Poker";
				XROS_DEPLOYMENT_TARGET = 1.2;
			};
			name = Release;
		};
/* End XCBuildConfiguration section */

/* Begin XCConfigurationList section */
		CEA723D02C087AE8002821B7 /* Build configuration list for PBXProject "Poker" */ = {
			isa = XCConfigurationList;
			buildConfigurations = (
				CEA723F42C087AE9002821B7 /* Debug */,
				CEA723F52C087AE9002821B7 /* Release */,
			);
			defaultConfigurationIsVisible = 0;
			defaultConfigurationName = Release;
		};
		CEA723F62C087AE9002821B7 /* Build configuration list for PBXNativeTarget "Poker" */ = {
			isa = XCConfigurationList;
			buildConfigurations = (
				CEA723F72C087AE9002821B7 /* Debug */,
				CEA723F82C087AE9002821B7 /* Release */,
			);
			defaultConfigurationIsVisible = 0;
			defaultConfigurationName = Release;
		};
		CEA723F92C087AE9002821B7 /* Build configuration list for PBXNativeTarget "PokerTests" */ = {
			isa = XCConfigurationList;
			buildConfigurations = (
				CEA723FA2C087AE9002821B7 /* Debug */,
				CEA723FB2C087AE9002821B7 /* Release */,
			);
			defaultConfigurationIsVisible = 0;
			defaultConfigurationName = Release;
		};
/* End XCConfigurationList section */

/* Begin XCLocalSwiftPackageReference section */
		CE5AC5EE2C0D80EB007E9B19 /* XCLocalSwiftPackageReference "../../Downloads/GenerativeDoodleArt_VisionOS-main/Packages/RealityKitContent" */ = {
			isa = XCLocalSwiftPackageReference;
			relativePath = "../../Downloads/GenerativeDoodleArt_VisionOS-main/Packages/RealityKitContent";
		};
/* End XCLocalSwiftPackageReference section */

/* Begin XCSwiftPackageProductDependency section */
		CE5AC5EF2C0D80EB007E9B19 /* RealityKitContent */ = {
			isa = XCSwiftPackageProductDependency;
			productName = RealityKitContent;
		};
		CEA723DA2C087AE8002821B7 /* RealityKitContent */ = {
			isa = XCSwiftPackageProductDependency;
			productName = RealityKitContent;
		};
/* End XCSwiftPackageProductDependency section */
	};
	rootObject = CEA723CD2C087AE8002821B7 /* Project object */;
}
